
Microsoft Visual Studio Solution File, Format Version 12.00
# Visual Studio Version 16
VisualStudioVersion = 16.0.29009.5
MinimumVisualStudioVersion = 10.0.40219.1
Project("{9A19103F-16F7-4668-BE54-9A1E7A4F7556}") = "Ejemplo1", "Ejemplo1\Ejemplo1.csproj", "{C56FC56F-2D4B-4E96-B2FB-7ABB67C433FB}"
EndProject
Global
	GlobalSection(SolutionConfigurationPlatforms) = preSolution
		Debug|Any CPU = Debug|Any CPU
		Release|Any CPU = Release|Any CPU
	EndGlobalSection
	GlobalSection(ProjectConfigurationPlatforms) = postSolution
		{C56FC56F-2D4B-4E96-B2FB-7ABB67C433FB}.Debug|Any CPU.ActiveCfg = Debug|Any CPU
		{C56FC56F-2D4B-4E96-B2FB-7ABB67C433FB}.Debug|Any CPU.Build.0 = Debug|Any CPU
		{C56FC56F-2D4B-4E96-B2FB-7ABB67C433FB}.Release|Any CPU.ActiveCfg = Release|Any CPU
		{C56FC56F-2D4B-4E96-B2FB-7ABB67C433FB}.Release|Any CPU.Build.0 = Release|Any CPU
	EndGlobalSection
	GlobalSection(SolutionProperties) = preSolution
		HideSolutionNode = FALSE
	EndGlobalSection
	GlobalSection(ExtensibilityGlobals) = postSolution
		SolutionGuid = {003A1CA3-78CD-4CCD-973E-DA10F70F4A81}
	EndGlobalSection
EndGlobal
